Microsoft Visual Studio Solution File, Format Version 11.00
# Visual Studio 2008

Project("{19F7B0E4-8C06-5C8D-B53D-07BB5F352FB7}") = "2DColliderTest", "Assembly-CSharp.csproj", "{0DABB836-5E69-35BF-8938-E5D1049C9CAC}"
EndProject
Global
	GlobalSection(SolutionConfigurationPlatforms) = preSolution
		Debug|Any CPU = Debug|Any CPU
		Release|Any CPU = Release|Any CPU
	EndGlobalSection
	GlobalSection(ProjectConfigurationPlatforms) = postSolution
		{0DABB836-5E69-35BF-8938-E5D1049C9CAC}.Debug|Any CPU.ActiveCfg = Debug|Any CPU
		{0DABB836-5E69-35BF-8938-E5D1049C9CAC}.Debug|Any CPU.Build.0 = Debug|Any CPU
		{0DABB836-5E69-35BF-8938-E5D1049C9CAC}.Release|Any CPU.ActiveCfg = Release|Any CPU
		{0DABB836-5E69-35BF-8938-E5D1049C9CAC}.Release|Any CPU.Build.0 = Release|Any CPU
	EndGlobalSection
	GlobalSection(SolutionProperties) = preSolution
		HideSolutionNode = FALSE
	EndGlobalSection
	GlobalSection(MonoDevelopProperties) = preSolution
		StartupItem = Assembly-CSharp.csproj
	EndGlobalSection
EndGlobal
